
Microsoft Visual Studio Solution File, Format Version 11.00
# Visual Studio 2010
Project("{FAE04EC0-301F-11D3-BF4B-00C04F79EFBC}") = "Kakuzo - The Shadow Masks", "Assembly-CSharp.csproj", "{FC0990B2-2F4E-CBC4-37C2-DC3C22E3D2A4}"
EndProject
Global
	GlobalSection(SolutionConfigurationPlatforms) = preSolution
		Debug|Any CPU = Debug|Any CPU
		Release|Any CPU = Release|Any CPU
	EndGlobalSection
	GlobalSection(ProjectConfigurationPlatforms) = postSolution
		{FC0990B2-2F4E-CBC4-37C2-DC3C22E3D2A4}.Debug|Any CPU.ActiveCfg = Debug|Any CPU
		{FC0990B2-2F4E-CBC4-37C2-DC3C22E3D2A4}.Debug|Any CPU.Build.0 = Debug|Any CPU
		{FC0990B2-2F4E-CBC4-37C2-DC3C22E3D2A4}.Release|Any CPU.ActiveCfg = Release|Any CPU
		{FC0990B2-2F4E-CBC4-37C2-DC3C22E3D2A4}.Release|Any CPU.Build.0 = Release|Any CPU
	EndGlobalSection
	GlobalSection(SolutionProperties) = preSolution
		HideSolutionNode = FALSE
	EndGlobalSection
	GlobalSection(MonoDevelopProperties) = preSolution
		StartupItem = Assembly-CSharp.csproj
	EndGlobalSection
EndGlobal
